PODS:
  - SwiftFeatureConfigs (1.0.1)

DEPENDENCIES:
  - SwiftFeatureConfigs (from `../`)

EXTERNAL SOURCES:
  SwiftFeatureConfigs:
    :path: "../"

SPEC CHECKSUMS:
  SwiftFeatureConfigs: 6c094fda08e7308d601da3e13c202b167e570114

PODFILE CHECKSUM: da80df88dc725af1f3a27ad9a8c5f4f2125bfa94

COCOAPODS: 1.1.0.rc.2
