PODS:
  - SwiftFeatureConfigs (0.1.0)

DEPENDENCIES:
  - SwiftFeatureConfigs (from `../`)

EXTERNAL SOURCES:
  SwiftFeatureConfigs:
    :path: "../"

SPEC CHECKSUMS:
  SwiftFeatureConfigs: 6f2e53b1c6345bc71cd2a2bad55bf709f2a35d57

PODFILE CHECKSUM: da80df88dc725af1f3a27ad9a8c5f4f2125bfa94

COCOAPODS: 1.1.0.rc.2
