PODS:
  - SwiftFeatureConfigs (0.1.0)

DEPENDENCIES:
  - SwiftFeatureConfigs (from `../`)

EXTERNAL SOURCES:
  SwiftFeatureConfigs:
    :path: "../"

SPEC CHECKSUMS:
  SwiftFeatureConfigs: 620d5638c62108ab8eb6c6a9bc9361f7f4a5c862

PODFILE CHECKSUM: da80df88dc725af1f3a27ad9a8c5f4f2125bfa94

COCOAPODS: 1.1.0.rc.2
